// !$*UTF8*$!
{
	archiveVersion = 1;
	classes = {
	};
	objectVersion = 50;
	objects = {

/* Begin PBXBuildFile section */
		ECA4658121F4C49A00D2885C /* AppDelegate.swift in Sources */ = {isa = PBXBuildFile; fileRef = ECA4658021F4C49A00D2885C /* AppDelegate.swift */; };
		ECA4658321F4C49A00D2885C /* TranslateViewController.swift in Sources */ = {isa = PBXBuildFile; fileRef = ECA4658221F4C49A00D2885C /* TranslateViewController.swift */; };
		ECA4658521F4C49A00D2885C /* ExchangeRateViewController.swift in Sources */ = {isa = PBXBuildFile; fileRef = ECA4658421F4C49A00D2885C /* ExchangeRateViewController.swift */; };
		ECA4658821F4C49A00D2885C /* Main.storyboard in Resources */ = {isa = PBXBuildFile; fileRef = ECA4658621F4C49A00D2885C /* Main.storyboard */; };
		ECA4658A21F4C49C00D2885C /* Assets.xcassets in Resources */ = {isa = PBXBuildFile; fileRef = ECA4658921F4C49C00D2885C /* Assets.xcassets */; };
		ECA4658D21F4C49C00D2885C /* LaunchScreen.storyboard in Resources */ = {isa = PBXBuildFile; fileRef = ECA4658B21F4C49C00D2885C /* LaunchScreen.storyboard */; };
		ECA4659821F4C49C00D2885C /* BaluchonTests.swift in Sources */ = {isa = PBXBuildFile; fileRef = ECA4659721F4C49C00D2885C /* BaluchonTests.swift */; };
		ECA465A621F5CD5F00D2885C /* Translate.swift in Sources */ = {isa = PBXBuildFile; fileRef = ECA465A521F5CD5F00D2885C /* Translate.swift */; };
		ECA465A821F627B600D2885C /* Exchange.swift in Sources */ = {isa = PBXBuildFile; fileRef = ECA465A721F627B600D2885C /* Exchange.swift */; };
		ECA465AA21F6325C00D2885C /* Translated.swift in Sources */ = {isa = PBXBuildFile; fileRef = ECA465A921F6325C00D2885C /* Translated.swift */; };
/* End PBXBuildFile section */

/* Begin PBXContainerItemProxy section */
		ECA4659421F4C49C00D2885C /* PBXContainerItemProxy */ = {
			isa = PBXContainerItemProxy;
			containerPortal = ECA4657521F4C49A00D2885C /* Project object */;
			proxyType = 1;
			remoteGlobalIDString = ECA4657C21F4C49A00D2885C;
			remoteInfo = Baluchon;
		};
/* End PBXContainerItemProxy section */

/* Begin PBXFileReference section */
		ECA4657D21F4C49A00D2885C /* Baluchon.app */ = {isa = PBXFileReference; explicitFileType = wrapper.application; includeInIndex = 0; path = Baluchon.app; sourceTree = BUILT_PRODUCTS_DIR; };
		ECA4658021F4C49A00D2885C /* AppDelegate.swift */ = {isa = PBXFileReference; lastKnownFileType = sourcecode.swift; path = AppDelegate.swift; sourceTree = "<group>"; };
		ECA4658221F4C49A00D2885C /* TranslateViewController.swift */ = {isa = PBXFileReference; lastKnownFileType = sourcecode.swift; path = TranslateViewController.swift; sourceTree = "<group>"; };
		ECA4658421F4C49A00D2885C /* ExchangeRateViewController.swift */ = {isa = PBXFileReference; lastKnownFileType = sourcecode.swift; path = ExchangeRateViewController.swift; sourceTree = "<group>"; };
		ECA4658721F4C49A00D2885C /* Base */ = {isa = PBXFileReference; lastKnownFileType = file.storyboard; name = Base; path = Base.lproj/Main.storyboard; sourceTree = "<group>"; };
		ECA4658921F4C49C00D2885C /* Assets.xcassets */ = {isa = PBXFileReference; lastKnownFileType = folder.assetcatalog; path = Assets.xcassets; sourceTree = "<group>"; };
		ECA4658C21F4C49C00D2885C /* Base */ = {isa = PBXFileReference; lastKnownFileType = file.storyboard; name = Base; path = Base.lproj/LaunchScreen.storyboard; sourceTree = "<group>"; };
		ECA4658E21F4C49C00D2885C /* Info.plist */ = {isa = PBXFileReference; lastKnownFileType = text.plist.xml; path = Info.plist; sourceTree = "<group>"; };
		ECA4659321F4C49C00D2885C /* BaluchonTests.xctest */ = {isa = PBXFileReference; explicitFileType = wrapper.cfbundle; includeInIndex = 0; path = BaluchonTests.xctest; sourceTree = BUILT_PRODUCTS_DIR; };
		ECA4659721F4C49C00D2885C /* BaluchonTests.swift */ = {isa = PBXFileReference; lastKnownFileType = sourcecode.swift; path = BaluchonTests.swift; sourceTree = "<group>"; };
		ECA4659921F4C49C00D2885C /* Info.plist */ = {isa = PBXFileReference; lastKnownFileType = text.plist.xml; path = Info.plist; sourceTree = "<group>"; };
		ECA465A521F5CD5F00D2885C /* Translate.swift */ = {isa = PBXFileReference; lastKnownFileType = sourcecode.swift; path = Translate.swift; sourceTree = "<group>"; };
		ECA465A721F627B600D2885C /* Exchange.swift */ = {isa = PBXFileReference; lastKnownFileType = sourcecode.swift; path = Exchange.swift; sourceTree = "<group>"; };
		ECA465A921F6325C00D2885C /* Translated.swift */ = {isa = PBXFileReference; lastKnownFileType = sourcecode.swift; path = Translated.swift; sourceTree = "<group>"; };
/* End PBXFileReference section */

/* Begin PBXFrameworksBuildPhase section */
		ECA4657A21F4C49A00D2885C /* Frameworks */ = {
			isa = PBXFrameworksBuildPhase;
			buildActionMask = 2147483647;
			files = (
			);
			runOnlyForDeploymentPostprocessing = 0;
		};
		ECA4659021F4C49C00D2885C /* Frameworks */ = {
			isa = PBXFrameworksBuildPhase;
			buildActionMask = 2147483647;
			files = (
			);
			runOnlyForDeploymentPostprocessing = 0;
		};
/* End PBXFrameworksBuildPhase section */

/* Begin PBXGroup section */
		ECA4657421F4C49A00D2885C = {
			isa = PBXGroup;
			children = (
				ECA4657F21F4C49A00D2885C /* Baluchon */,
				ECA4659621F4C49C00D2885C /* BaluchonTests */,
				ECA4657E21F4C49A00D2885C /* Products */,
			);
			sourceTree = "<group>";
		};
		ECA4657E21F4C49A00D2885C /* Products */ = {
			isa = PBXGroup;
			children = (
				ECA4657D21F4C49A00D2885C /* Baluchon.app */,
				ECA4659321F4C49C00D2885C /* BaluchonTests.xctest */,
			);
			name = Products;
			sourceTree = "<group>";
		};
		ECA4657F21F4C49A00D2885C /* Baluchon */ = {
			isa = PBXGroup;
			children = (
				ECA465A421F5CD0200D2885C /* Model */,
				ECA465A321F5CCFF00D2885C /* View */,
				ECA465A221F5CCFC00D2885C /* Controller */,
				ECA4658021F4C49A00D2885C /* AppDelegate.swift */,
				ECA4658921F4C49C00D2885C /* Assets.xcassets */,
				ECA4658E21F4C49C00D2885C /* Info.plist */,
			);
			path = Baluchon;
			sourceTree = "<group>";
		};
		ECA4659621F4C49C00D2885C /* BaluchonTests */ = {
			isa = PBXGroup;
			children = (
				ECA4659721F4C49C00D2885C /* BaluchonTests.swift */,
				ECA4659921F4C49C00D2885C /* Info.plist */,
			);
			path = BaluchonTests;
			sourceTree = "<group>";
		};
		ECA465A221F5CCFC00D2885C /* Controller */ = {
			isa = PBXGroup;
			children = (
				ECA4658221F4C49A00D2885C /* TranslateViewController.swift */,
				ECA4658421F4C49A00D2885C /* ExchangeRateViewController.swift */,
			);
			path = Controller;
			sourceTree = "<group>";
		};
		ECA465A321F5CCFF00D2885C /* View */ = {
			isa = PBXGroup;
			children = (
				ECA4658621F4C49A00D2885C /* Main.storyboard */,
				ECA4658B21F4C49C00D2885C /* LaunchScreen.storyboard */,
			);
			path = View;
			sourceTree = "<group>";
		};
		ECA465A421F5CD0200D2885C /* Model */ = {
			isa = PBXGroup;
			children = (
				ECA465A521F5CD5F00D2885C /* Translate.swift */,
				ECA465A921F6325C00D2885C /* Translated.swift */,
				ECA465A721F627B600D2885C /* Exchange.swift */,
			);
			path = Model;
			sourceTree = "<group>";
		};
/* End PBXGroup section */

/* Begin PBXNativeTarget section */
		ECA4657C21F4C49A00D2885C /* Baluchon */ = {
			isa = PBXNativeTarget;
			buildConfigurationList = ECA4659C21F4C49C00D2885C /* Build configuration list for PBXNativeTarget "Baluchon" */;
			buildPhases = (
				ECA4657921F4C49A00D2885C /* Sources */,
				ECA4657A21F4C49A00D2885C /* Frameworks */,
				ECA4657B21F4C49A00D2885C /* Resources */,
			);
			buildRules = (
			);
			dependencies = (
			);
			name = Baluchon;
			productName = Baluchon;
			productReference = ECA4657D21F4C49A00D2885C /* Baluchon.app */;
			productType = "com.apple.product-type.application";
		};
		ECA4659221F4C49C00D2885C /* BaluchonTests */ = {
			isa = PBXNativeTarget;
			buildConfigurationList = ECA4659F21F4C49C00D2885C /* Build configuration list for PBXNativeTarget "BaluchonTests" */;
			buildPhases = (
				ECA4658F21F4C49C00D2885C /* Sources */,
				ECA4659021F4C49C00D2885C /* Frameworks */,
				ECA4659121F4C49C00D2885C /* Resources */,
			);
			buildRules = (
			);
			dependencies = (
				ECA4659521F4C49C00D2885C /* PBXTargetDependency */,
			);
			name = BaluchonTests;
			productName = BaluchonTests;
			productReference = ECA4659321F4C49C00D2885C /* BaluchonTests.xctest */;
			productType = "com.apple.product-type.bundle.unit-test";
		};
/* End PBXNativeTarget section */

/* Begin PBXProject section */
		ECA4657521F4C49A00D2885C /* Project object */ = {
			isa = PBXProject;
			attributes = {
				LastSwiftUpdateCheck = 1010;
				LastUpgradeCheck = 1010;
				ORGANIZATIONNAME = "Carlos Garcia-Muskat";
				TargetAttributes = {
					ECA4657C21F4C49A00D2885C = {
						CreatedOnToolsVersion = 10.1;
					};
					ECA4659221F4C49C00D2885C = {
						CreatedOnToolsVersion = 10.1;
						TestTargetID = ECA4657C21F4C49A00D2885C;
					};
				};
			};
			buildConfigurationList = ECA4657821F4C49A00D2885C /* Build configuration list for PBXProject "Baluchon" */;
			compatibilityVersion = "Xcode 9.3";
			developmentRegion = en;
			hasScannedForEncodings = 0;
			knownRegions = (
				en,
				Base,
			);
			mainGroup = ECA4657421F4C49A00D2885C;
			productRefGroup = ECA4657E21F4C49A00D2885C /* Products */;
			projectDirPath = "";
			projectRoot = "";
			targets = (
				ECA4657C21F4C49A00D2885C /* Baluchon */,
				ECA4659221F4C49C00D2885C /* BaluchonTests */,
			);
		};
/* End PBXProject section */

/* Begin PBXResourcesBuildPhase section */
		ECA4657B21F4C49A00D2885C /* Resources */ = {
			isa = PBXResourcesBuildPhase;
			buildActionMask = 2147483647;
			files = (
				ECA4658D21F4C49C00D2885C /* LaunchScreen.storyboard in Resources */,
				ECA4658A21F4C49C00D2885C /* Assets.xcassets in Resources */,
				ECA4658821F4C49A00D2885C /* Main.storyboard in Resources */,
			);
			runOnlyForDeploymentPostprocessing = 0;
		};
		ECA4659121F4C49C00D2885C /* Resources */ = {
			isa = PBXResourcesBuildPhase;
			buildActionMask = 2147483647;
			files = (
			);
			runOnlyForDeploymentPostprocessing = 0;
		};
/* End PBXResourcesBuildPhase section */

/* Begin PBXSourcesBuildPhase section */
		ECA4657921F4C49A00D2885C /* Sources */ = {
			isa = PBXSourcesBuildPhase;
			buildActionMask = 2147483647;
			files = (
				ECA465A621F5CD5F00D2885C /* Translate.swift in Sources */,
				ECA4658521F4C49A00D2885C /* ExchangeRateViewController.swift in Sources */,
				ECA4658121F4C49A00D2885C /* AppDelegate.swift in Sources */,
				ECA465AA21F6325C00D2885C /* Translated.swift in Sources */,
				ECA465A821F627B600D2885C /* Exchange.swift in Sources */,
				ECA4658321F4C49A00D2885C /* TranslateViewController.swift in Sources */,
			);
			runOnlyForDeploymentPostprocessing = 0;
		};
		ECA4658F21F4C49C00D2885C /* Sources */ = {
			isa = PBXSourcesBuildPhase;
			buildActionMask = 2147483647;
			files = (
				ECA4659821F4C49C00D2885C /* BaluchonTests.swift in Sources */,
			);
			runOnlyForDeploymentPostprocessing = 0;
		};
/* End PBXSourcesBuildPhase section */

/* Begin PBXTargetDependency section */
		ECA4659521F4C49C00D2885C /* PBXTargetDependency */ = {
			isa = PBXTargetDependency;
			target = ECA4657C21F4C49A00D2885C /* Baluchon */;
			targetProxy = ECA4659421F4C49C00D2885C /* PBXContainerItemProxy */;
		};
/* End PBXTargetDependency section */

/* Begin PBXVariantGroup section */
		ECA4658621F4C49A00D2885C /* Main.storyboard */ = {
			isa = PBXVariantGroup;
			children = (
				ECA4658721F4C49A00D2885C /* Base */,
			);
			name = Main.storyboard;
			sourceTree = "<group>";
		};
		ECA4658B21F4C49C00D2885C /* LaunchScreen.storyboard */ = {
			isa = PBXVariantGroup;
			children = (
				ECA4658C21F4C49C00D2885C /* Base */,
			);
			name = LaunchScreen.storyboard;
			sourceTree = "<group>";
		};
/* End PBXVariantGroup section */

/* Begin XCBuildConfiguration section */
		ECA4659A21F4C49C00D2885C /* Debug */ = {
			isa = XCBuildConfiguration;
			buildSettings = {
				ALWAYS_SEARCH_USER_PATHS = NO;
				CLANG_ANALYZER_NONNULL = YES;
				CLANG_ANALYZER_NUMBER_OBJECT_CONVERSION = YES_AGGRESSIVE;
				CLANG_CXX_LANGUAGE_STANDARD = "gnu++14";
				CLANG_CXX_LIBRARY = "libc++";
				CLANG_ENABLE_MODULES = YES;
				CLANG_ENABLE_OBJC_ARC = YES;
				CLANG_ENABLE_OBJC_WEAK = YES;
				CLANG_WARN_BLOCK_CAPTURE_AUTORELEASING = YES;
				CLANG_WARN_BOOL_CONVERSION = YES;
				CLANG_WARN_COMMA = YES;
				CLANG_WARN_CONSTANT_CONVERSION = YES;
				CLANG_WARN_DEPRECATED_OBJC_IMPLEMENTATIONS = YES;
				CLANG_WARN_DIRECT_OBJC_ISA_USAGE = YES_ERROR;
				CLANG_WARN_DOCUMENTATION_COMMENTS = YES;
				CLANG_WARN_EMPTY_BODY = YES;
				CLANG_WARN_ENUM_CONVERSION = YES;
				CLANG_WARN_INFINITE_RECURSION = YES;
				CLANG_WARN_INT_CONVERSION = YES;
				CLANG_WARN_NON_LITERAL_NULL_CONVERSION = YES;
				CLANG_WARN_OBJC_IMPLICIT_RETAIN_SELF = YES;
				CLANG_WARN_OBJC_LITERAL_CONVERSION = YES;
				CLANG_WARN_OBJC_ROOT_CLASS = YES_ERROR;
				CLANG_WARN_RANGE_LOOP_ANALYSIS = YES;
				CLANG_WARN_STRICT_PROTOTYPES = YES;
				CLANG_WARN_SUSPICIOUS_MOVE = YES;
				CLANG_WARN_UNGUARDED_AVAILABILITY = YES_AGGRESSIVE;
				CLANG_WARN_UNREACHABLE_CODE = YES;
				CLANG_WARN__DUPLICATE_METHOD_MATCH = YES;
				CODE_SIGN_IDENTITY = "iPhone Developer";
				COPY_PHASE_STRIP = NO;
				DEBUG_INFORMATION_FORMAT = dwarf;
				ENABLE_STRICT_OBJC_MSGSEND = YES;
				ENABLE_TESTABILITY = YES;
				GCC_C_LANGUAGE_STANDARD = gnu11;
				GCC_DYNAMIC_NO_PIC = NO;
				GCC_NO_COMMON_BLOCKS = YES;
				GCC_OPTIMIZATION_LEVEL = 0;
				GCC_PREPROCESSOR_DEFINITIONS = (
					"DEBUG=1",
					"$(inherited)",
				);
				GCC_WARN_64_TO_32_BIT_CONVERSION = YES;
				GCC_WARN_ABOUT_RETURN_TYPE = YES_ERROR;
				GCC_WARN_UNDECLARED_SELECTOR = YES;
				GCC_WARN_UNINITIALIZED_AUTOS = YES_AGGRESSIVE;
				GCC_WARN_UNUSED_FUNCTION = YES;
				GCC_WARN_UNUSED_VARIABLE = YES;
				IPHONEOS_DEPLOYMENT_TARGET = 12.1;
				MTL_ENABLE_DEBUG_INFO = INCLUDE_SOURCE;
				MTL_FAST_MATH = YES;
				ONLY_ACTIVE_ARCH = YES;
				SDKROOT = iphoneos;
				SWIFT_ACTIVE_COMPILATION_CONDITIONS = DEBUG;
				SWIFT_OPTIMIZATION_LEVEL = "-Onone";
			};
			name = Debug;
		};
		ECA4659B21F4C49C00D2885C /* Release */ = {
			isa = XCBuildConfiguration;
			buildSettings = {
				ALWAYS_SEARCH_USER_PATHS = NO;
				CLANG_ANALYZER_NONNULL = YES;
				CLANG_ANALYZER_NUMBER_OBJECT_CONVERSION = YES_AGGRESSIVE;
				CLANG_CXX_LANGUAGE_STANDARD = "gnu++14";
				CLANG_CXX_LIBRARY = "libc++";
				CLANG_ENABLE_MODULES = YES;
				CLANG_ENABLE_OBJC_ARC = YES;
				CLANG_ENABLE_OBJC_WEAK = YES;
				CLANG_WARN_BLOCK_CAPTURE_AUTORELEASING = YES;
				CLANG_WARN_BOOL_CONVERSION = YES;
				CLANG_WARN_COMMA = YES;
				CLANG_WARN_CONSTANT_CONVERSION = YES;
				CLANG_WARN_DEPRECATED_OBJC_IMPLEMENTATIONS = YES;
				CLANG_WARN_DIRECT_OBJC_ISA_USAGE = YES_ERROR;
				CLANG_WARN_DOCUMENTATION_COMMENTS = YES;
				CLANG_WARN_EMPTY_BODY = YES;
				CLANG_WARN_ENUM_CONVERSION = YES;
				CLANG_WARN_INFINITE_RECURSION = YES;
				CLANG_WARN_INT_CONVERSION = YES;
				CLANG_WARN_NON_LITERAL_NULL_CONVERSION = YES;
				CLANG_WARN_OBJC_IMPLICIT_RETAIN_SELF = YES;
				CLANG_WARN_OBJC_LITERAL_CONVERSION = YES;
				CLANG_WARN_OBJC_ROOT_CLASS = YES_ERROR;
				CLANG_WARN_RANGE_LOOP_ANALYSIS = YES;
				CLANG_WARN_STRICT_PROTOTYPES = YES;
				CLANG_WARN_SUSPICIOUS_MOVE = YES;
				CLANG_WARN_UNGUARDED_AVAILABILITY = YES_AGGRESSIVE;
				CLANG_WARN_UNREACHABLE_CODE = YES;
				CLANG_WARN__DUPLICATE_METHOD_MATCH = YES;
				CODE_SIGN_IDENTITY = "iPhone Developer";
				COPY_PHASE_STRIP = NO;
				DEBUG_INFORMATION_FORMAT = "dwarf-with-dsym";
				ENABLE_NS_ASSERTIONS = NO;
				ENABLE_STRICT_OBJC_MSGSEND = YES;
				GCC_C_LANGUAGE_STANDARD = gnu11;
				GCC_NO_COMMON_BLOCKS = YES;
				GCC_WARN_64_TO_32_BIT_CONVERSION = YES;
				GCC_WARN_ABOUT_RETURN_TYPE = YES_ERROR;
				GCC_WARN_UNDECLARED_SELECTOR = YES;
				GCC_WARN_UNINITIALIZED_AUTOS = YES_AGGRESSIVE;
				GCC_WARN_UNUSED_FUNCTION = YES;
				GCC_WARN_UNUSED_VARIABLE = YES;
				IPHONEOS_DEPLOYMENT_TARGET = 12.1;
				MTL_ENABLE_DEBUG_INFO = NO;
				MTL_FAST_MATH = YES;
				SDKROOT = iphoneos;
				SWIFT_COMPILATION_MODE = wholemodule;
				SWIFT_OPTIMIZATION_LEVEL = "-O";
				VALIDATE_PRODUCT = YES;
			};
			name = Release;
		};
		ECA4659D21F4C49C00D2885C /* Debug */ = {
			isa = XCBuildConfiguration;
			buildSettings = {
				ASSETCATALOG_COMPILER_APPICON_NAME = AppIcon;
				CODE_SIGN_STYLE = Automatic;
				DEVELOPMENT_TEAM = GR9XHTTF29;
				INFOPLIST_FILE = Baluchon/Info.plist;
				LD_RUNPATH_SEARCH_PATHS = (
					"$(inherited)",
					"@executable_path/Frameworks",
				);
				PRODUCT_BUNDLE_IDENTIFIER = com.cgmuskat.Baluchon;
				PRODUCT_NAME = "$(TARGET_NAME)";
				SWIFT_VERSION = 4.2;
				TARGETED_DEVICE_FAMILY = 1;
			};
			name = Debug;
		};
		ECA4659E21F4C49C00D2885C /* Release */ = {
			isa = XCBuildConfiguration;
			buildSettings = {
				ASSETCATALOG_COMPILER_APPICON_NAME = AppIcon;
				CODE_SIGN_STYLE = Automatic;
				DEVELOPMENT_TEAM = GR9XHTTF29;
				INFOPLIST_FILE = Baluchon/Info.plist;
				LD_RUNPATH_SEARCH_PATHS = (
					"$(inherited)",
					"@executable_path/Frameworks",
				);
				PRODUCT_BUNDLE_IDENTIFIER = com.cgmuskat.Baluchon;
				PRODUCT_NAME = "$(TARGET_NAME)";
				SWIFT_VERSION = 4.2;
				TARGETED_DEVICE_FAMILY = 1;
			};
			name = Release;
		};
		ECA465A021F4C49C00D2885C /* Debug */ = {
			isa = XCBuildConfiguration;
			buildSettings = {
				ALWAYS_EMBED_SWIFT_STANDARD_LIBRARIES = YES;
				BUNDLE_LOADER = "$(TEST_HOST)";
				CODE_SIGN_STYLE = Automatic;
				DEVELOPMENT_TEAM = GR9XHTTF29;
				INFOPLIST_FILE = BaluchonTests/Info.plist;
				LD_RUNPATH_SEARCH_PATHS = (
					"$(inherited)",
					"@executable_path/Frameworks",
					"@loader_path/Frameworks",
				);
				PRODUCT_BUNDLE_IDENTIFIER = com.cgmuskat.BaluchonTests;
				PRODUCT_NAME = "$(TARGET_NAME)";
				SWIFT_VERSION = 4.2;
				TARGETED_DEVICE_FAMILY = "1,2";
				TEST_HOST = "$(BUILT_PRODUCTS_DIR)/Baluchon.app/Baluchon";
			};
			name = Debug;
		};
		ECA465A121F4C49C00D2885C /* Release */ = {
			isa = XCBuildConfiguration;
			buildSettings = {
				ALWAYS_EMBED_SWIFT_STANDARD_LIBRARIES = YES;
				BUNDLE_LOADER = "$(TEST_HOST)";
				CODE_SIGN_STYLE = Automatic;
				DEVELOPMENT_TEAM = GR9XHTTF29;
				INFOPLIST_FILE = BaluchonTests/Info.plist;
				LD_RUNPATH_SEARCH_PATHS = (
					"$(inherited)",
					"@executable_path/Frameworks",
					"@loader_path/Frameworks",
				);
				PRODUCT_BUNDLE_IDENTIFIER = com.cgmuskat.BaluchonTests;
				PRODUCT_NAME = "$(TARGET_NAME)";
				SWIFT_VERSION = 4.2;
				TARGETED_DEVICE_FAMILY = "1,2";
				TEST_HOST = "$(BUILT_PRODUCTS_DIR)/Baluchon.app/Baluchon";
			};
			name = Release;
		};
/* End XCBuildConfiguration section */

/* Begin XCConfigurationList section */
		ECA4657821F4C49A00D2885C /* Build configuration list for PBXProject "Baluchon" */ = {
			isa = XCConfigurationList;
			buildConfigurations = (
				ECA4659A21F4C49C00D2885C /* Debug */,
				ECA4659B21F4C49C00D2885C /* Release */,
			);
			defaultConfigurationIsVisible = 0;
			defaultConfigurationName = Release;
		};
		ECA4659C21F4C49C00D2885C /* Build configuration list for PBXNativeTarget "Baluchon" */ = {
			isa = XCConfigurationList;
			buildConfigurations = (
				ECA4659D21F4C49C00D2885C /* Debug */,
				ECA4659E21F4C49C00D2885C /* Release */,
			);
			defaultConfigurationIsVisible = 0;
			defaultConfigurationName = Release;
		};
		ECA4659F21F4C49C00D2885C /* Build configuration list for PBXNativeTarget "BaluchonTests" */ = {
			isa = XCConfigurationList;
			buildConfigurations = (
				ECA465A021F4C49C00D2885C /* Debug */,
				ECA465A121F4C49C00D2885C /* Release */,
			);
			defaultConfigurationIsVisible = 0;
			defaultConfigurationName = Release;
		};
/* End XCConfigurationList section */
	};
	rootObject = ECA4657521F4C49A00D2885C /* Project object */;
}
